
Microsoft Visual Studio Solution File, Format Version 12.00
# Visual Studio Version 17
VisualStudioVersion = 17.8.34316.72
MinimumVisualStudioVersion = 10.0.40219.1
Project("{9A19103F-16F7-4668-BE54-9A1E7A4F7556}") = "MovieStore.Api", "MovieStoreApi\MovieStore.Api.csproj", "{4FE85AED-F1AC-4EC0-82FB-DC8ECE1EFCD2}"
EndProject
Project("{9A19103F-16F7-4668-BE54-9A1E7A4F7556}") = "MovieStore.Core", "MovieStore.Core\MovieStore.Core.csproj", "{A0A40577-A913-4727-9300-9ED0422AB5C4}"
EndProject
Project("{9A19103F-16F7-4668-BE54-9A1E7A4F7556}") = "MovieStore.Infrastructure", "MovieStore.Infrastructure\MovieStore.Infrastructure.csproj", "{A43E82DA-A666-4AD5-B152-37EEB4894CA6}"
EndProject
Project("{9A19103F-16F7-4668-BE54-9A1E7A4F7556}") = "MovieStoreApiTests", "MovieStoreApiTests\MovieStoreApiTests.csproj", "{5FB56166-F398-48C2-A90B-1233390F4DAF}"
EndProject
Global
	GlobalSection(SolutionConfigurationPlatforms) = preSolution
		Debug|Any CPU = Debug|Any CPU
		Release|Any CPU = Release|Any CPU
	EndGlobalSection
	GlobalSection(ProjectConfigurationPlatforms) = postSolution
		{4FE85AED-F1AC-4EC0-82FB-DC8ECE1EFCD2}.Debug|Any CPU.ActiveCfg = Debug|Any CPU
		{4FE85AED-F1AC-4EC0-82FB-DC8ECE1EFCD2}.Debug|Any CPU.Build.0 = Debug|Any CPU
		{4FE85AED-F1AC-4EC0-82FB-DC8ECE1EFCD2}.Release|Any CPU.ActiveCfg = Release|Any CPU
		{4FE85AED-F1AC-4EC0-82FB-DC8ECE1EFCD2}.Release|Any CPU.Build.0 = Release|Any CPU
		{A0A40577-A913-4727-9300-9ED0422AB5C4}.Debug|Any CPU.ActiveCfg = Debug|Any CPU
		{A0A40577-A913-4727-9300-9ED0422AB5C4}.Debug|Any CPU.Build.0 = Debug|Any CPU
		{A0A40577-A913-4727-9300-9ED0422AB5C4}.Release|Any CPU.ActiveCfg = Release|Any CPU
		{A0A40577-A913-4727-9300-9ED0422AB5C4}.Release|Any CPU.Build.0 = Release|Any CPU
		{A43E82DA-A666-4AD5-B152-37EEB4894CA6}.Debug|Any CPU.ActiveCfg = Debug|Any CPU
		{A43E82DA-A666-4AD5-B152-37EEB4894CA6}.Debug|Any CPU.Build.0 = Debug|Any CPU
		{A43E82DA-A666-4AD5-B152-37EEB4894CA6}.Release|Any CPU.ActiveCfg = Release|Any CPU
		{A43E82DA-A666-4AD5-B152-37EEB4894CA6}.Release|Any CPU.Build.0 = Release|Any CPU
		{5FB56166-F398-48C2-A90B-1233390F4DAF}.Debug|Any CPU.ActiveCfg = Debug|Any CPU
		{5FB56166-F398-48C2-A90B-1233390F4DAF}.Release|Any CPU.ActiveCfg = Release|Any CPU
		{5FB56166-F398-48C2-A90B-1233390F4DAF}.Release|Any CPU.Build.0 = Release|Any CPU
	EndGlobalSection
	GlobalSection(SolutionProperties) = preSolution
		HideSolutionNode = FALSE
	EndGlobalSection
	GlobalSection(ExtensibilityGlobals) = postSolution
		SolutionGuid = {F9404B73-EECB-4334-BCC8-B02C904056B0}
	EndGlobalSection
EndGlobal
